
Microsoft Visual Studio Solution File, Format Version 12.00
# Visual Studio Version 17
VisualStudioVersion = 17.0.31903.59
MinimumVisualStudioVersion = 10.0.40219.1
Project("{FAE04EC0-301F-11D3-BF4B-00C04F79EFBC}") = "MinecraftRPGServer", "MinecraftRPGServer\MinecraftRPGServer.csproj", "{7D271B0C-0B8E-43DE-8E07-227F48378CCE}"
EndProject
Project("{FAE04EC0-301F-11D3-BF4B-00C04F79EFBC}") = "MineSocket.NET", "MineSocket.NET\MineSocket.NET\MineSocket.NET.csproj", "{7A7B12B6-1122-4238-A5C3-5D4C08D8A2E9}"
EndProject
Project("{FAE04EC0-301F-11D3-BF4B-00C04F79EFBC}") = "MinecraftRPGServer.Tests", "MinecraftRPGServer.Tests\MinecraftRPGServer.Tests.csproj", "{A5E84907-306B-47D5-99F3-DEA5E78DF688}"
EndProject
Project("{FAE04EC0-301F-11D3-BF4B-00C04F79EFBC}") = "MinecraftLightEngine", "MinecraftLightEngine\MinecraftLightEngine.csproj", "{30B9731C-6FEB-43C4-A1A7-0904BDBBD551}"
EndProject
Project("{FAE04EC0-301F-11D3-BF4B-00C04F79EFBC}") = "MinecraftLightEngine.Tests", "MinecraftLightEngine.Tests\MinecraftLightEngine.Tests.csproj", "{DBAEACB6-7EFA-4F6E-8B5C-71A15C22C5F6}"
EndProject
Project("{FAE04EC0-301F-11D3-BF4B-00C04F79EFBC}") = "DebugArrayTools", "DebugArrayTools\DebugArrayTools.csproj", "{4EF61A5A-3D81-45B0-889D-E815F56D3306}"
EndProject
Project("{FAE04EC0-301F-11D3-BF4B-00C04F79EFBC}") = "MinecraftData", "MinecraftData\MinecraftData.csproj", "{D6CF6DD8-CA83-4709-8F64-0E2048FF3DFC}"
EndProject
Project("{FAE04EC0-301F-11D3-BF4B-00C04F79EFBC}") = "MineSocket.NET.Tests", "MineSocket.NET.Tests\MineSocket.NET.Tests.csproj", "{AFDDB719-9405-473F-BCE6-AA0C4749C44D}"
EndProject
Project("{FAE04EC0-301F-11D3-BF4B-00C04F79EFBC}") = "NBT", "NBT\NBT.csproj", "{A4532C66-968E-4B50-B66E-26A21EEB54AA}"
EndProject
Project("{FAE04EC0-301F-11D3-BF4B-00C04F79EFBC}") = "NBT.Tests", "NBT.Tests\NBT.Tests.csproj", "{EA03F115-24CF-4518-A264-5B878CECC183}"
EndProject
Global
	GlobalSection(SolutionConfigurationPlatforms) = preSolution
		Debug|Any CPU = Debug|Any CPU
		Debug|x64 = Debug|x64
		Debug|x86 = Debug|x86
		Release|Any CPU = Release|Any CPU
		Release|x64 = Release|x64
		Release|x86 = Release|x86
	EndGlobalSection
	GlobalSection(ProjectConfigurationPlatforms) = postSolution
		{7D271B0C-0B8E-43DE-8E07-227F48378CCE}.Debug|Any CPU.ActiveCfg = Debug|Any CPU
		{7D271B0C-0B8E-43DE-8E07-227F48378CCE}.Debug|Any CPU.Build.0 = Debug|Any CPU
		{7D271B0C-0B8E-43DE-8E07-227F48378CCE}.Debug|x64.ActiveCfg = Debug|x64
		{7D271B0C-0B8E-43DE-8E07-227F48378CCE}.Debug|x64.Build.0 = Debug|x64
		{7D271B0C-0B8E-43DE-8E07-227F48378CCE}.Debug|x86.ActiveCfg = Debug|Any CPU
		{7D271B0C-0B8E-43DE-8E07-227F48378CCE}.Debug|x86.Build.0 = Debug|Any CPU
		{7D271B0C-0B8E-43DE-8E07-227F48378CCE}.Release|Any CPU.ActiveCfg = Release|Any CPU
		{7D271B0C-0B8E-43DE-8E07-227F48378CCE}.Release|Any CPU.Build.0 = Release|Any CPU
		{7D271B0C-0B8E-43DE-8E07-227F48378CCE}.Release|x64.ActiveCfg = Release|Any CPU
		{7D271B0C-0B8E-43DE-8E07-227F48378CCE}.Release|x64.Build.0 = Release|Any CPU
		{7D271B0C-0B8E-43DE-8E07-227F48378CCE}.Release|x86.ActiveCfg = Release|Any CPU
		{7D271B0C-0B8E-43DE-8E07-227F48378CCE}.Release|x86.Build.0 = Release|Any CPU
		{7A7B12B6-1122-4238-A5C3-5D4C08D8A2E9}.Debug|Any CPU.ActiveCfg = Debug|Any CPU
		{7A7B12B6-1122-4238-A5C3-5D4C08D8A2E9}.Debug|Any CPU.Build.0 = Debug|Any CPU
		{7A7B12B6-1122-4238-A5C3-5D4C08D8A2E9}.Debug|x64.ActiveCfg = Debug|Any CPU
		{7A7B12B6-1122-4238-A5C3-5D4C08D8A2E9}.Debug|x64.Build.0 = Debug|Any CPU
		{7A7B12B6-1122-4238-A5C3-5D4C08D8A2E9}.Debug|x86.ActiveCfg = Debug|Any CPU
		{7A7B12B6-1122-4238-A5C3-5D4C08D8A2E9}.Debug|x86.Build.0 = Debug|Any CPU
		{7A7B12B6-1122-4238-A5C3-5D4C08D8A2E9}.Release|Any CPU.ActiveCfg = Release|Any CPU
		{7A7B12B6-1122-4238-A5C3-5D4C08D8A2E9}.Release|Any CPU.Build.0 = Release|Any CPU
		{7A7B12B6-1122-4238-A5C3-5D4C08D8A2E9}.Release|x64.ActiveCfg = Release|Any CPU
		{7A7B12B6-1122-4238-A5C3-5D4C08D8A2E9}.Release|x64.Build.0 = Release|Any CPU
		{7A7B12B6-1122-4238-A5C3-5D4C08D8A2E9}.Release|x86.ActiveCfg = Release|Any CPU
		{7A7B12B6-1122-4238-A5C3-5D4C08D8A2E9}.Release|x86.Build.0 = Release|Any CPU
		{A5E84907-306B-47D5-99F3-DEA5E78DF688}.Debug|Any CPU.ActiveCfg = Debug|Any CPU
		{A5E84907-306B-47D5-99F3-DEA5E78DF688}.Debug|Any CPU.Build.0 = Debug|Any CPU
		{A5E84907-306B-47D5-99F3-DEA5E78DF688}.Debug|x64.ActiveCfg = Debug|Any CPU
		{A5E84907-306B-47D5-99F3-DEA5E78DF688}.Debug|x64.Build.0 = Debug|Any CPU
		{A5E84907-306B-47D5-99F3-DEA5E78DF688}.Debug|x86.ActiveCfg = Debug|Any CPU
		{A5E84907-306B-47D5-99F3-DEA5E78DF688}.Debug|x86.Build.0 = Debug|Any CPU
		{A5E84907-306B-47D5-99F3-DEA5E78DF688}.Release|Any CPU.ActiveCfg = Release|Any CPU
		{A5E84907-306B-47D5-99F3-DEA5E78DF688}.Release|Any CPU.Build.0 = Release|Any CPU
		{A5E84907-306B-47D5-99F3-DEA5E78DF688}.Release|x64.ActiveCfg = Release|Any CPU
		{A5E84907-306B-47D5-99F3-DEA5E78DF688}.Release|x64.Build.0 = Release|Any CPU
		{A5E84907-306B-47D5-99F3-DEA5E78DF688}.Release|x86.ActiveCfg = Release|Any CPU
		{A5E84907-306B-47D5-99F3-DEA5E78DF688}.Release|x86.Build.0 = Release|Any CPU
		{30B9731C-6FEB-43C4-A1A7-0904BDBBD551}.Debug|Any CPU.ActiveCfg = Debug|Any CPU
		{30B9731C-6FEB-43C4-A1A7-0904BDBBD551}.Debug|Any CPU.Build.0 = Debug|Any CPU
		{30B9731C-6FEB-43C4-A1A7-0904BDBBD551}.Debug|x64.ActiveCfg = Debug|Any CPU
		{30B9731C-6FEB-43C4-A1A7-0904BDBBD551}.Debug|x64.Build.0 = Debug|Any CPU
		{30B9731C-6FEB-43C4-A1A7-0904BDBBD551}.Debug|x86.ActiveCfg = Debug|Any CPU
		{30B9731C-6FEB-43C4-A1A7-0904BDBBD551}.Debug|x86.Build.0 = Debug|Any CPU
		{30B9731C-6FEB-43C4-A1A7-0904BDBBD551}.Release|Any CPU.ActiveCfg = Release|Any CPU
		{30B9731C-6FEB-43C4-A1A7-0904BDBBD551}.Release|Any CPU.Build.0 = Release|Any CPU
		{30B9731C-6FEB-43C4-A1A7-0904BDBBD551}.Release|x64.ActiveCfg = Release|Any CPU
		{30B9731C-6FEB-43C4-A1A7-0904BDBBD551}.Release|x64.Build.0 = Release|Any CPU
		{30B9731C-6FEB-43C4-A1A7-0904BDBBD551}.Release|x86.ActiveCfg = Release|Any CPU
		{30B9731C-6FEB-43C4-A1A7-0904BDBBD551}.Release|x86.Build.0 = Release|Any CPU
		{DBAEACB6-7EFA-4F6E-8B5C-71A15C22C5F6}.Debug|Any CPU.ActiveCfg = Debug|Any CPU
		{DBAEACB6-7EFA-4F6E-8B5C-71A15C22C5F6}.Debug|Any CPU.Build.0 = Debug|Any CPU
		{DBAEACB6-7EFA-4F6E-8B5C-71A15C22C5F6}.Debug|x64.ActiveCfg = Debug|Any CPU
		{DBAEACB6-7EFA-4F6E-8B5C-71A15C22C5F6}.Debug|x64.Build.0 = Debug|Any CPU
		{DBAEACB6-7EFA-4F6E-8B5C-71A15C22C5F6}.Debug|x86.ActiveCfg = Debug|Any CPU
		{DBAEACB6-7EFA-4F6E-8B5C-71A15C22C5F6}.Debug|x86.Build.0 = Debug|Any CPU
		{DBAEACB6-7EFA-4F6E-8B5C-71A15C22C5F6}.Release|Any CPU.ActiveCfg = Release|Any CPU
		{DBAEACB6-7EFA-4F6E-8B5C-71A15C22C5F6}.Release|Any CPU.Build.0 = Release|Any CPU
		{DBAEACB6-7EFA-4F6E-8B5C-71A15C22C5F6}.Release|x64.ActiveCfg = Release|Any CPU
		{DBAEACB6-7EFA-4F6E-8B5C-71A15C22C5F6}.Release|x64.Build.0 = Release|Any CPU
		{DBAEACB6-7EFA-4F6E-8B5C-71A15C22C5F6}.Release|x86.ActiveCfg = Release|Any CPU
		{DBAEACB6-7EFA-4F6E-8B5C-71A15C22C5F6}.Release|x86.Build.0 = Release|Any CPU
		{4EF61A5A-3D81-45B0-889D-E815F56D3306}.Debug|Any CPU.ActiveCfg = Debug|Any CPU
		{4EF61A5A-3D81-45B0-889D-E815F56D3306}.Debug|Any CPU.Build.0 = Debug|Any CPU
		{4EF61A5A-3D81-45B0-889D-E815F56D3306}.Debug|x64.ActiveCfg = Debug|Any CPU
		{4EF61A5A-3D81-45B0-889D-E815F56D3306}.Debug|x64.Build.0 = Debug|Any CPU
		{4EF61A5A-3D81-45B0-889D-E815F56D3306}.Debug|x86.ActiveCfg = Debug|Any CPU
		{4EF61A5A-3D81-45B0-889D-E815F56D3306}.Debug|x86.Build.0 = Debug|Any CPU
		{4EF61A5A-3D81-45B0-889D-E815F56D3306}.Release|Any CPU.ActiveCfg = Release|Any CPU
		{4EF61A5A-3D81-45B0-889D-E815F56D3306}.Release|Any CPU.Build.0 = Release|Any CPU
		{4EF61A5A-3D81-45B0-889D-E815F56D3306}.Release|x64.ActiveCfg = Release|Any CPU
		{4EF61A5A-3D81-45B0-889D-E815F56D3306}.Release|x64.Build.0 = Release|Any CPU
		{4EF61A5A-3D81-45B0-889D-E815F56D3306}.Release|x86.ActiveCfg = Release|Any CPU
		{4EF61A5A-3D81-45B0-889D-E815F56D3306}.Release|x86.Build.0 = Release|Any CPU
		{D6CF6DD8-CA83-4709-8F64-0E2048FF3DFC}.Debug|Any CPU.ActiveCfg = Debug|Any CPU
		{D6CF6DD8-CA83-4709-8F64-0E2048FF3DFC}.Debug|Any CPU.Build.0 = Debug|Any CPU
		{D6CF6DD8-CA83-4709-8F64-0E2048FF3DFC}.Debug|x64.ActiveCfg = Debug|Any CPU
		{D6CF6DD8-CA83-4709-8F64-0E2048FF3DFC}.Debug|x64.Build.0 = Debug|Any CPU
		{D6CF6DD8-CA83-4709-8F64-0E2048FF3DFC}.Debug|x86.ActiveCfg = Debug|Any CPU
		{D6CF6DD8-CA83-4709-8F64-0E2048FF3DFC}.Debug|x86.Build.0 = Debug|Any CPU
		{D6CF6DD8-CA83-4709-8F64-0E2048FF3DFC}.Release|Any CPU.ActiveCfg = Release|Any CPU
		{D6CF6DD8-CA83-4709-8F64-0E2048FF3DFC}.Release|Any CPU.Build.0 = Release|Any CPU
		{D6CF6DD8-CA83-4709-8F64-0E2048FF3DFC}.Release|x64.ActiveCfg = Release|Any CPU
		{D6CF6DD8-CA83-4709-8F64-0E2048FF3DFC}.Release|x64.Build.0 = Release|Any CPU
		{D6CF6DD8-CA83-4709-8F64-0E2048FF3DFC}.Release|x86.ActiveCfg = Release|Any CPU
		{D6CF6DD8-CA83-4709-8F64-0E2048FF3DFC}.Release|x86.Build.0 = Release|Any CPU
		{AFDDB719-9405-473F-BCE6-AA0C4749C44D}.Debug|Any CPU.ActiveCfg = Debug|Any CPU
		{AFDDB719-9405-473F-BCE6-AA0C4749C44D}.Debug|Any CPU.Build.0 = Debug|Any CPU
		{AFDDB719-9405-473F-BCE6-AA0C4749C44D}.Debug|x64.ActiveCfg = Debug|Any CPU
		{AFDDB719-9405-473F-BCE6-AA0C4749C44D}.Debug|x64.Build.0 = Debug|Any CPU
		{AFDDB719-9405-473F-BCE6-AA0C4749C44D}.Debug|x86.ActiveCfg = Debug|Any CPU
		{AFDDB719-9405-473F-BCE6-AA0C4749C44D}.Debug|x86.Build.0 = Debug|Any CPU
		{AFDDB719-9405-473F-BCE6-AA0C4749C44D}.Release|Any CPU.ActiveCfg = Release|Any CPU
		{AFDDB719-9405-473F-BCE6-AA0C4749C44D}.Release|Any CPU.Build.0 = Release|Any CPU
		{AFDDB719-9405-473F-BCE6-AA0C4749C44D}.Release|x64.ActiveCfg = Release|Any CPU
		{AFDDB719-9405-473F-BCE6-AA0C4749C44D}.Release|x64.Build.0 = Release|Any CPU
		{AFDDB719-9405-473F-BCE6-AA0C4749C44D}.Release|x86.ActiveCfg = Release|Any CPU
		{AFDDB719-9405-473F-BCE6-AA0C4749C44D}.Release|x86.Build.0 = Release|Any CPU
		{A4532C66-968E-4B50-B66E-26A21EEB54AA}.Debug|Any CPU.ActiveCfg = Debug|Any CPU
		{A4532C66-968E-4B50-B66E-26A21EEB54AA}.Debug|Any CPU.Build.0 = Debug|Any CPU
		{A4532C66-968E-4B50-B66E-26A21EEB54AA}.Debug|x64.ActiveCfg = Debug|Any CPU
		{A4532C66-968E-4B50-B66E-26A21EEB54AA}.Debug|x64.Build.0 = Debug|Any CPU
		{A4532C66-968E-4B50-B66E-26A21EEB54AA}.Debug|x86.ActiveCfg = Debug|Any CPU
		{A4532C66-968E-4B50-B66E-26A21EEB54AA}.Debug|x86.Build.0 = Debug|Any CPU
		{A4532C66-968E-4B50-B66E-26A21EEB54AA}.Release|Any CPU.ActiveCfg = Release|Any CPU
		{A4532C66-968E-4B50-B66E-26A21EEB54AA}.Release|Any CPU.Build.0 = Release|Any CPU
		{A4532C66-968E-4B50-B66E-26A21EEB54AA}.Release|x64.ActiveCfg = Release|Any CPU
		{A4532C66-968E-4B50-B66E-26A21EEB54AA}.Release|x64.Build.0 = Release|Any CPU
		{A4532C66-968E-4B50-B66E-26A21EEB54AA}.Release|x86.ActiveCfg = Release|Any CPU
		{A4532C66-968E-4B50-B66E-26A21EEB54AA}.Release|x86.Build.0 = Release|Any CPU
		{EA03F115-24CF-4518-A264-5B878CECC183}.Debug|Any CPU.ActiveCfg = Debug|Any CPU
		{EA03F115-24CF-4518-A264-5B878CECC183}.Debug|Any CPU.Build.0 = Debug|Any CPU
		{EA03F115-24CF-4518-A264-5B878CECC183}.Debug|x64.ActiveCfg = Debug|Any CPU
		{EA03F115-24CF-4518-A264-5B878CECC183}.Debug|x64.Build.0 = Debug|Any CPU
		{EA03F115-24CF-4518-A264-5B878CECC183}.Debug|x86.ActiveCfg = Debug|Any CPU
		{EA03F115-24CF-4518-A264-5B878CECC183}.Debug|x86.Build.0 = Debug|Any CPU
		{EA03F115-24CF-4518-A264-5B878CECC183}.Release|Any CPU.ActiveCfg = Release|Any CPU
		{EA03F115-24CF-4518-A264-5B878CECC183}.Release|Any CPU.Build.0 = Release|Any CPU
		{EA03F115-24CF-4518-A264-5B878CECC183}.Release|x64.ActiveCfg = Release|Any CPU
		{EA03F115-24CF-4518-A264-5B878CECC183}.Release|x64.Build.0 = Release|Any CPU
		{EA03F115-24CF-4518-A264-5B878CECC183}.Release|x86.ActiveCfg = Release|Any CPU
		{EA03F115-24CF-4518-A264-5B878CECC183}.Release|x86.Build.0 = Release|Any CPU
	EndGlobalSection
	GlobalSection(SolutionProperties) = preSolution
		HideSolutionNode = FALSE
	EndGlobalSection
	GlobalSection(ExtensibilityGlobals) = postSolution
		SolutionGuid = {518CCF17-B378-4E2A-9150-05502AE68007}
	EndGlobalSection
EndGlobal
