
Microsoft Visual Studio Solution File, Format Version 12.00
# Visual Studio Version 17
VisualStudioVersion = 17.0.31903.59
MinimumVisualStudioVersion = 10.0.40219.1
Project("{FAE04EC0-301F-11D3-BF4B-00C04F79EFBC}") = "MineSocket.NET", "MineSocket.NET\MineSocket.NET.csproj", "{7A7B12B6-1122-4238-A5C3-5D4C08D8A2E9}"
EndProject
Global
	GlobalSection(SolutionConfigurationPlatforms) = preSolution
		Debug|Any CPU = Debug|Any CPU
		Release|Any CPU = Release|Any CPU
	EndGlobalSection
	GlobalSection(ProjectConfigurationPlatforms) = postSolution
		{7A7B12B6-1122-4238-A5C3-5D4C08D8A2E9}.Debug|Any CPU.ActiveCfg = Debug|Any CPU
		{7A7B12B6-1122-4238-A5C3-5D4C08D8A2E9}.Debug|Any CPU.Build.0 = Debug|Any CPU
		{7A7B12B6-1122-4238-A5C3-5D4C08D8A2E9}.Release|Any CPU.ActiveCfg = Release|Any CPU
		{7A7B12B6-1122-4238-A5C3-5D4C08D8A2E9}.Release|Any CPU.Build.0 = Release|Any CPU
	EndGlobalSection
	GlobalSection(SolutionProperties) = preSolution
		HideSolutionNode = FALSE
	EndGlobalSection
	GlobalSection(ExtensibilityGlobals) = postSolution
		SolutionGuid = {41F23D3D-C33C-448F-A6A0-691ACEBD2C34}
	EndGlobalSection
EndGlobal
