
Microsoft Visual Studio Solution File, Format Version 12.00
# Visual Studio Version 17
VisualStudioVersion = 17.3.32929.385
MinimumVisualStudioVersion = 10.0.40219.1
Project("{FAE04EC0-301F-11D3-BF4B-00C04F79EFBC}") = "MongoDBPlayerSaver", "MongoDBPlayerSaver\MongoDBPlayerSaver.csproj", "{CD86FC74-8516-4293-AEAD-D7360C344C49}"
EndProject
Project("{FAE04EC0-301F-11D3-BF4B-00C04F79EFBC}") = "NBT", "..\..\NBT\NBT.csproj", "{A4532C66-968E-4B50-B66E-26A21EEB54AA}"
EndProject
Global
	GlobalSection(SolutionConfigurationPlatforms) = preSolution
		Debug|Any CPU = Debug|Any CPU
		Release|Any CPU = Release|Any CPU
	EndGlobalSection
	GlobalSection(ProjectConfigurationPlatforms) = postSolution
		{CD86FC74-8516-4293-AEAD-D7360C344C49}.Debug|Any CPU.ActiveCfg = Debug|Any CPU
		{CD86FC74-8516-4293-AEAD-D7360C344C49}.Debug|Any CPU.Build.0 = Debug|Any CPU
		{CD86FC74-8516-4293-AEAD-D7360C344C49}.Release|Any CPU.ActiveCfg = Release|Any CPU
		{CD86FC74-8516-4293-AEAD-D7360C344C49}.Release|Any CPU.Build.0 = Release|Any CPU
		{A4532C66-968E-4B50-B66E-26A21EEB54AA}.Debug|Any CPU.ActiveCfg = Debug|Any CPU
		{A4532C66-968E-4B50-B66E-26A21EEB54AA}.Debug|Any CPU.Build.0 = Debug|Any CPU
		{A4532C66-968E-4B50-B66E-26A21EEB54AA}.Release|Any CPU.ActiveCfg = Release|Any CPU
		{A4532C66-968E-4B50-B66E-26A21EEB54AA}.Release|Any CPU.Build.0 = Release|Any CPU
	EndGlobalSection
	GlobalSection(SolutionProperties) = preSolution
		HideSolutionNode = FALSE
	EndGlobalSection
	GlobalSection(ExtensibilityGlobals) = postSolution
		SolutionGuid = {D5FE4551-B462-4455-A6CA-DC0CF4AA479F}
	EndGlobalSection
EndGlobal
